{
  "name": "mmdb",
  "version": "1.0.0",
  "lockfileVersion": 3,
  "requires": true,
  "packages": {
    "": {
      "name": "mmdb",
      "version": "1.0.0",
      "license": "ISC",
      "dependencies": {
        "@middy/core": "^6.4.4"
      }
    },
    "node_modules/@middy/core": {
      "version": "6.4.4",
      "resolved": "https://registry.npmjs.org/@middy/core/-/core-6.4.4.tgz",
      "integrity": "sha512-T1WebTmwyLaK+daZ0JBT6K9TS9v2w6roAVzZDgsafXSb1vztrkLOiKPcYos+f5c5IraYMP2QK8EH5baFozMisQ==",
      "license": "MIT",
      "engines": {
        "node": ">=20"
      },
      "funding": {
        "type": "github",
        "url": "https://github.com/sponsors/willfarrell"
      }
    }
  }
}
